{
  "version": 4,
  "terraform_version": "1.2.4",
  "serial": 20,
  "lineage": "f43e933a-5236-567d-5f6d-e88873e962ad",
  "outputs": {},
  "resources": [
    {
      "mode": "managed",
      "type": "aws_key_pair",
      "name": "deployer",
      "provider": "provider[\"registry.terraform.io/hashicorp/aws\"]",
      "instances": [
        {
          "schema_version": 1,
          "attributes": {
            "arn": "arn:aws:ec2:us-east-1:036437189980:key-pair/deployer-key",
            "fingerprint": "63:3f:b4:43:d5:f6:47:84:ca:42:3a:3d:fe:91:cb:ab",
            "id": "deployer-key",
            "key_name": "deployer-key",
            "key_name_prefix": "",
            "key_pair_id": "key-014523b00aaff0b6b",
            "key_type": "rsa",
            "public_key": "ssh-rsa AAAAB3NzaC1yc2EAAAADAQABAAACAQDIzXbzQdoCwPYd+wq7+lzezBWIA7p4mYUjf/Wshdw1lL/UGX6kmM7U3bfCFX+udiY6ylc3N1fsm3zRfEvpx61DG+s5U27sLeoOfV2cpnvC3hwde+6zX/H0mUiJoWnkkz6Y119TQKFO/Vf+VcnMKG509ZnSE3fWrkLPyRFxdqHDA5VE8FzFEypyVay4lTIpR29PwtGsu3MFgEhWLgn2PuDrEsESGVwO8VAblwuVzMGcKs9MK5M24LfA4opzStJ2RF1t+BtISVSIciKfcxSDoI9/WJ417BZfSOSNHR9apGAqTaW/EnBUa/ROubFvEiNRvhoZ5qFSBHIeN88gKwU1NSbPSi9rKD8RF2UBp7YCjOplvy5z62TgFpBmJocxQzbBzXmpGlG0lxHdgKo0//UD/7GeyEmWORP1uChUv0R67LMvW1k4mxsmX9iJT2zlHDXtEf6fB1jCmUriSCwe8wh0ZuqeSsI8WbDUg5EO7L3b99nR3rv0EKPxqZ6nGXsvpxkPMsD3SK9gjnQx7/JGWWQBPPYJXD3qs7F6n7I0cEk5V8cMz4RreslkGHVHErIJL+x6Is3ukgDLfrsLQ4AbbwBTvolOwbeMvDF8jnGXYlSgFHWc9PyOYU7G6ym12DsHEztu4UxynIeFOCb0557pQADj/gNO6nuKhXp6fA3Ws0yNn1W+gw== alam.rios@Alam-Yael-Rios-Altamirano.local",
            "tags": null,
            "tags_all": {}
          },
          "sensitive_attributes": [],
          "private": "eyJzY2hlbWFfdmVyc2lvbiI6IjEifQ=="
        }
      ]
    },
    {
      "mode": "managed",
      "type": "docker_container",
      "name": "nginx",
      "provider": "provider[\"registry.terraform.io/kreuzwerker/docker\"]",
      "instances": [
        {
          "schema_version": 2,
          "attributes": {
            "attach": false,
            "bridge": "",
            "capabilities": [],
            "command": [
              "nginx",
              "-g",
              "daemon off;"
            ],
            "container_logs": null,
            "cpu_set": "",
            "cpu_shares": 0,
            "destroy_grace_seconds": null,
            "devices": [],
            "dns": [],
            "dns_opts": [],
            "dns_search": [],
            "domainname": "",
            "entrypoint": [
              "/docker-entrypoint.sh"
            ],
            "env": [],
            "exit_code": null,
            "gateway": "172.17.0.1",
            "group_add": [],
            "healthcheck": [],
            "host": [],
            "hostname": "dda5f58f707e",
            "id": "dda5f58f707eff9025aa0600c86b994b3b066c7ee1c6b3fcb9a870c34f92a26f",
            "image": "sha256:cd4e03b35a8e938f7bf1257fbd19fc2d7becae39974c0328236fd7df49c0a92a",
            "init": false,
            "ip_address": "172.17.0.2",
            "ip_prefix_length": 16,
            "ipc_mode": "private",
            "labels": [],
            "links": [],
            "log_driver": "json-file",
            "log_opts": {},
            "logs": false,
            "max_retry_count": 0,
            "memory": 0,
            "memory_swap": 0,
            "mounts": [],
            "must_run": true,
            "name": "tutorial",
            "network_alias": null,
            "network_data": [
              {
                "gateway": "172.17.0.1",
                "global_ipv6_address": "",
                "global_ipv6_prefix_length": 0,
                "ip_address": "172.17.0.2",
                "ip_prefix_length": 16,
                "ipv6_gateway": "",
                "network_name": "bridge"
              }
            ],
            "network_mode": "default",
            "networks": null,
            "networks_advanced": [],
            "pid_mode": "",
            "ports": [
              {
                "external": 8000,
                "internal": 80,
                "ip": "0.0.0.0",
                "protocol": "tcp"
              }
            ],
            "privileged": false,
            "publish_all_ports": false,
            "read_only": false,
            "remove_volumes": true,
            "restart": "no",
            "rm": false,
            "security_opts": [],
            "shm_size": 64,
            "start": true,
            "stdin_open": false,
            "sysctls": {},
            "tmpfs": {},
            "tty": false,
            "ulimit": [],
            "upload": [],
            "user": "",
            "userns_mode": "",
            "volumes": [],
            "working_dir": ""
          },
          "sensitive_attributes": [],
          "private": "eyJzY2hlbWFfdmVyc2lvbiI6IjIifQ==",
          "dependencies": [
            "docker_image.nginx"
          ]
        }
      ]
    },
    {
      "mode": "managed",
      "type": "docker_image",
      "name": "nginx",
      "provider": "provider[\"registry.terraform.io/kreuzwerker/docker\"]",
      "instances": [
        {
          "schema_version": 0,
          "attributes": {
            "build": [],
            "force_remove": null,
            "id": "sha256:cd4e03b35a8e938f7bf1257fbd19fc2d7becae39974c0328236fd7df49c0a92anginx:latest",
            "keep_locally": false,
            "latest": "sha256:cd4e03b35a8e938f7bf1257fbd19fc2d7becae39974c0328236fd7df49c0a92a",
            "name": "nginx:latest",
            "output": null,
            "pull_trigger": null,
            "pull_triggers": null,
            "repo_digest": "nginx@sha256:10f14ffa93f8dedf1057897b745e5ac72ac5655c299dade0aa434c71557697ea"
          },
          "sensitive_attributes": [],
          "private": "bnVsbA=="
        }
      ]
    }
  ]
}
